
Microsoft Visual Studio Solution File, Format Version 12.00
# Visual Studio Version 17
VisualStudioVersion = 17.0.31903.59
MinimumVisualStudioVersion = 10.0.40219.1
Project("{FAE04EC0-301F-11D3-BF4B-00C04F79EFBC}") = "JobApplicationTracker.API", "JobApplicationTracker.API\JobApplicationTracker.API.csproj", "{EB5FD393-DB35-4D6B-BF11-19DF737E2E18}"
EndProject
Project("{FAE04EC0-301F-11D3-BF4B-00C04F79EFBC}") = "JobApplicationTracker.Application", "JobApplicationTracker.Application\JobApplicationTracker.Application.csproj", "{A8366CE4-348F-43EE-8F64-7193CC35A505}"
EndProject
Project("{FAE04EC0-301F-11D3-BF4B-00C04F79EFBC}") = "JobApplicationTracker.Domain", "JobApplicationTracker.Domain\JobApplicationTracker.Domain.csproj", "{34028529-1E22-41C0-9A6C-724512B2DC8C}"
EndProject
Project("{FAE04EC0-301F-11D3-BF4B-00C04F79EFBC}") = "JobApplicationTracker.Infrastructure", "JobApplicationTracker.Infrastructure\JobApplicationTracker.Infrastructure.csproj", "{250758C4-BB97-4E35-8BEE-DD5C98563453}"
EndProject
Project("{FAE04EC0-301F-11D3-BF4B-00C04F79EFBC}") = "JobApplicationTracker.Tests", "JobApplicationTracker.Tests\JobApplicationTracker.Tests.csproj", "{E48DB491-8C2C-46A5-9ADE-E96CE19C22C3}"
EndProject
Global
	GlobalSection(SolutionConfigurationPlatforms) = preSolution
		Debug|Any CPU = Debug|Any CPU
		Debug|x64 = Debug|x64
		Debug|x86 = Debug|x86
		Release|Any CPU = Release|Any CPU
		Release|x64 = Release|x64
		Release|x86 = Release|x86
	EndGlobalSection
	GlobalSection(ProjectConfigurationPlatforms) = postSolution
		{EB5FD393-DB35-4D6B-BF11-19DF737E2E18}.Debug|Any CPU.ActiveCfg = Debug|Any CPU
		{EB5FD393-DB35-4D6B-BF11-19DF737E2E18}.Debug|Any CPU.Build.0 = Debug|Any CPU
		{EB5FD393-DB35-4D6B-BF11-19DF737E2E18}.Debug|x64.ActiveCfg = Debug|Any CPU
		{EB5FD393-DB35-4D6B-BF11-19DF737E2E18}.Debug|x64.Build.0 = Debug|Any CPU
		{EB5FD393-DB35-4D6B-BF11-19DF737E2E18}.Debug|x86.ActiveCfg = Debug|Any CPU
		{EB5FD393-DB35-4D6B-BF11-19DF737E2E18}.Debug|x86.Build.0 = Debug|Any CPU
		{EB5FD393-DB35-4D6B-BF11-19DF737E2E18}.Release|Any CPU.ActiveCfg = Release|Any CPU
		{EB5FD393-DB35-4D6B-BF11-19DF737E2E18}.Release|Any CPU.Build.0 = Release|Any CPU
		{EB5FD393-DB35-4D6B-BF11-19DF737E2E18}.Release|x64.ActiveCfg = Release|Any CPU
		{EB5FD393-DB35-4D6B-BF11-19DF737E2E18}.Release|x64.Build.0 = Release|Any CPU
		{EB5FD393-DB35-4D6B-BF11-19DF737E2E18}.Release|x86.ActiveCfg = Release|Any CPU
		{EB5FD393-DB35-4D6B-BF11-19DF737E2E18}.Release|x86.Build.0 = Release|Any CPU
		{A8366CE4-348F-43EE-8F64-7193CC35A505}.Debug|Any CPU.ActiveCfg = Debug|Any CPU
		{A8366CE4-348F-43EE-8F64-7193CC35A505}.Debug|Any CPU.Build.0 = Debug|Any CPU
		{A8366CE4-348F-43EE-8F64-7193CC35A505}.Debug|x64.ActiveCfg = Debug|Any CPU
		{A8366CE4-348F-43EE-8F64-7193CC35A505}.Debug|x64.Build.0 = Debug|Any CPU
		{A8366CE4-348F-43EE-8F64-7193CC35A505}.Debug|x86.ActiveCfg = Debug|Any CPU
		{A8366CE4-348F-43EE-8F64-7193CC35A505}.Debug|x86.Build.0 = Debug|Any CPU
		{A8366CE4-348F-43EE-8F64-7193CC35A505}.Release|Any CPU.ActiveCfg = Release|Any CPU
		{A8366CE4-348F-43EE-8F64-7193CC35A505}.Release|Any CPU.Build.0 = Release|Any CPU
		{A8366CE4-348F-43EE-8F64-7193CC35A505}.Release|x64.ActiveCfg = Release|Any CPU
		{A8366CE4-348F-43EE-8F64-7193CC35A505}.Release|x64.Build.0 = Release|Any CPU
		{A8366CE4-348F-43EE-8F64-7193CC35A505}.Release|x86.ActiveCfg = Release|Any CPU
		{A8366CE4-348F-43EE-8F64-7193CC35A505}.Release|x86.Build.0 = Release|Any CPU
		{34028529-1E22-41C0-9A6C-724512B2DC8C}.Debug|Any CPU.ActiveCfg = Debug|Any CPU
		{34028529-1E22-41C0-9A6C-724512B2DC8C}.Debug|Any CPU.Build.0 = Debug|Any CPU
		{34028529-1E22-41C0-9A6C-724512B2DC8C}.Debug|x64.ActiveCfg = Debug|Any CPU
		{34028529-1E22-41C0-9A6C-724512B2DC8C}.Debug|x64.Build.0 = Debug|Any CPU
		{34028529-1E22-41C0-9A6C-724512B2DC8C}.Debug|x86.ActiveCfg = Debug|Any CPU
		{34028529-1E22-41C0-9A6C-724512B2DC8C}.Debug|x86.Build.0 = Debug|Any CPU
		{34028529-1E22-41C0-9A6C-724512B2DC8C}.Release|Any CPU.ActiveCfg = Release|Any CPU
		{34028529-1E22-41C0-9A6C-724512B2DC8C}.Release|Any CPU.Build.0 = Release|Any CPU
		{34028529-1E22-41C0-9A6C-724512B2DC8C}.Release|x64.ActiveCfg = Release|Any CPU
		{34028529-1E22-41C0-9A6C-724512B2DC8C}.Release|x64.Build.0 = Release|Any CPU
		{34028529-1E22-41C0-9A6C-724512B2DC8C}.Release|x86.ActiveCfg = Release|Any CPU
		{34028529-1E22-41C0-9A6C-724512B2DC8C}.Release|x86.Build.0 = Release|Any CPU
		{250758C4-BB97-4E35-8BEE-DD5C98563453}.Debug|Any CPU.ActiveCfg = Debug|Any CPU
		{250758C4-BB97-4E35-8BEE-DD5C98563453}.Debug|Any CPU.Build.0 = Debug|Any CPU
		{250758C4-BB97-4E35-8BEE-DD5C98563453}.Debug|x64.ActiveCfg = Debug|Any CPU
		{250758C4-BB97-4E35-8BEE-DD5C98563453}.Debug|x64.Build.0 = Debug|Any CPU
		{250758C4-BB97-4E35-8BEE-DD5C98563453}.Debug|x86.ActiveCfg = Debug|Any CPU
		{250758C4-BB97-4E35-8BEE-DD5C98563453}.Debug|x86.Build.0 = Debug|Any CPU
		{250758C4-BB97-4E35-8BEE-DD5C98563453}.Release|Any CPU.ActiveCfg = Release|Any CPU
		{250758C4-BB97-4E35-8BEE-DD5C98563453}.Release|Any CPU.Build.0 = Release|Any CPU
		{250758C4-BB97-4E35-8BEE-DD5C98563453}.Release|x64.ActiveCfg = Release|Any CPU
		{250758C4-BB97-4E35-8BEE-DD5C98563453}.Release|x64.Build.0 = Release|Any CPU
		{250758C4-BB97-4E35-8BEE-DD5C98563453}.Release|x86.ActiveCfg = Release|Any CPU
		{250758C4-BB97-4E35-8BEE-DD5C98563453}.Release|x86.Build.0 = Release|Any CPU
		{E48DB491-8C2C-46A5-9ADE-E96CE19C22C3}.Debug|Any CPU.ActiveCfg = Debug|Any CPU
		{E48DB491-8C2C-46A5-9ADE-E96CE19C22C3}.Debug|Any CPU.Build.0 = Debug|Any CPU
		{E48DB491-8C2C-46A5-9ADE-E96CE19C22C3}.Debug|x64.ActiveCfg = Debug|Any CPU
		{E48DB491-8C2C-46A5-9ADE-E96CE19C22C3}.Debug|x64.Build.0 = Debug|Any CPU
		{E48DB491-8C2C-46A5-9ADE-E96CE19C22C3}.Debug|x86.ActiveCfg = Debug|Any CPU
		{E48DB491-8C2C-46A5-9ADE-E96CE19C22C3}.Debug|x86.Build.0 = Debug|Any CPU
		{E48DB491-8C2C-46A5-9ADE-E96CE19C22C3}.Release|Any CPU.ActiveCfg = Release|Any CPU
		{E48DB491-8C2C-46A5-9ADE-E96CE19C22C3}.Release|Any CPU.Build.0 = Release|Any CPU
		{E48DB491-8C2C-46A5-9ADE-E96CE19C22C3}.Release|x64.ActiveCfg = Release|Any CPU
		{E48DB491-8C2C-46A5-9ADE-E96CE19C22C3}.Release|x64.Build.0 = Release|Any CPU
		{E48DB491-8C2C-46A5-9ADE-E96CE19C22C3}.Release|x86.ActiveCfg = Release|Any CPU
		{E48DB491-8C2C-46A5-9ADE-E96CE19C22C3}.Release|x86.Build.0 = Release|Any CPU
	EndGlobalSection
	GlobalSection(SolutionProperties) = preSolution
		HideSolutionNode = FALSE
	EndGlobalSection
	GlobalSection(ExtensibilityGlobals) = postSolution
		SolutionGuid = {66BCE787-606F-4765-ADE7-931946965238}
	EndGlobalSection
EndGlobal
